
Microsoft Visual Studio Solution File, Format Version 12.00
# Visual Studio Version 17
VisualStudioVersion = 17.8.34330.188
MinimumVisualStudioVersion = 10.0.40219.1
Project("{FAE04EC0-301F-11D3-BF4B-00C04F79EFBC}") = "Management", "Management\Management.csproj", "{009325C2-A854-4198-9AFC-FD6E13709665}"
EndProject
Project("{2150E333-8FDC-42A3-9474-1A3956D46DE8}") = "Core", "Core", "{A9BA0540-5A2B-4498-B225-C91CCFBAD204}"
EndProject
Project("{FAE04EC0-301F-11D3-BF4B-00C04F79EFBC}") = "Application", "Application\Application.csproj", "{B5197BBB-3EC0-4920-8160-4F463E8F437A}"
EndProject
Project("{FAE04EC0-301F-11D3-BF4B-00C04F79EFBC}") = "Domain", "Domain\Domain.csproj", "{73F462FA-0FF1-4C37-80D2-127CB4086387}"
EndProject
Global
	GlobalSection(SolutionConfigurationPlatforms) = preSolution
		Debug|Any CPU = Debug|Any CPU
		Release|Any CPU = Release|Any CPU
	EndGlobalSection
	GlobalSection(ProjectConfigurationPlatforms) = postSolution
		{009325C2-A854-4198-9AFC-FD6E13709665}.Debug|Any CPU.ActiveCfg = Debug|Any CPU
		{009325C2-A854-4198-9AFC-FD6E13709665}.Debug|Any CPU.Build.0 = Debug|Any CPU
		{009325C2-A854-4198-9AFC-FD6E13709665}.Release|Any CPU.ActiveCfg = Release|Any CPU
		{009325C2-A854-4198-9AFC-FD6E13709665}.Release|Any CPU.Build.0 = Release|Any CPU
		{B5197BBB-3EC0-4920-8160-4F463E8F437A}.Debug|Any CPU.ActiveCfg = Debug|Any CPU
		{B5197BBB-3EC0-4920-8160-4F463E8F437A}.Debug|Any CPU.Build.0 = Debug|Any CPU
		{B5197BBB-3EC0-4920-8160-4F463E8F437A}.Release|Any CPU.ActiveCfg = Release|Any CPU
		{B5197BBB-3EC0-4920-8160-4F463E8F437A}.Release|Any CPU.Build.0 = Release|Any CPU
		{73F462FA-0FF1-4C37-80D2-127CB4086387}.Debug|Any CPU.ActiveCfg = Debug|Any CPU
		{73F462FA-0FF1-4C37-80D2-127CB4086387}.Debug|Any CPU.Build.0 = Debug|Any CPU
		{73F462FA-0FF1-4C37-80D2-127CB4086387}.Release|Any CPU.ActiveCfg = Release|Any CPU
		{73F462FA-0FF1-4C37-80D2-127CB4086387}.Release|Any CPU.Build.0 = Release|Any CPU
	EndGlobalSection
	GlobalSection(SolutionProperties) = preSolution
		HideSolutionNode = FALSE
	EndGlobalSection
	GlobalSection(NestedProjects) = preSolution
		{B5197BBB-3EC0-4920-8160-4F463E8F437A} = {A9BA0540-5A2B-4498-B225-C91CCFBAD204}
		{73F462FA-0FF1-4C37-80D2-127CB4086387} = {A9BA0540-5A2B-4498-B225-C91CCFBAD204}
	EndGlobalSection
	GlobalSection(ExtensibilityGlobals) = postSolution
		SolutionGuid = {8DAB1EF1-3604-42ED-A3AF-4E3B26A21457}
	EndGlobalSection
EndGlobal
